
Microsoft Visual Studio Solution File, Format Version 12.00
# Visual Studio Version 17
VisualStudioVersion = 17.14.36518.9 d17.14
MinimumVisualStudioVersion = 10.0.40219.1
Project("{FAE04EC0-301F-11D3-BF4B-00C04F79EFBC}") = "ServidorSeduinfo", "ServidorSeduinfo\ServidorSeduinfo.csproj", "{84B5B15B-92CF-48A0-80CA-E9504F3792B7}"
EndProject
Global
	GlobalSection(SolutionConfigurationPlatforms) = preSolution
		Debug|Any CPU = Debug|Any CPU
		Release|Any CPU = Release|Any CPU
	EndGlobalSection
	GlobalSection(ProjectConfigurationPlatforms) = postSolution
		{84B5B15B-92CF-48A0-80CA-E9504F3792B7}.Debug|Any CPU.ActiveCfg = Debug|Any CPU
		{84B5B15B-92CF-48A0-80CA-E9504F3792B7}.Debug|Any CPU.Build.0 = Debug|Any CPU
		{84B5B15B-92CF-48A0-80CA-E9504F3792B7}.Release|Any CPU.ActiveCfg = Release|Any CPU
		{84B5B15B-92CF-48A0-80CA-E9504F3792B7}.Release|Any CPU.Build.0 = Release|Any CPU
	EndGlobalSection
	GlobalSection(SolutionProperties) = preSolution
		HideSolutionNode = FALSE
	EndGlobalSection
	GlobalSection(ExtensibilityGlobals) = postSolution
		SolutionGuid = {51DAC63A-8FF4-435E-8F86-7E2ECF0D20A7}
	EndGlobalSection
EndGlobal
