
Microsoft Visual Studio Solution File, Format Version 12.00
# Visual Studio Version 17
VisualStudioVersion = 17.14.36518.9 d17.14
MinimumVisualStudioVersion = 10.0.40219.1
Project("{FAE04EC0-301F-11D3-BF4B-00C04F79EFBC}") = "Pronostico", "Pronostico\Pronostico.csproj", "{8F28A31A-1E6C-4118-847B-EB6486DC7F62}"
EndProject
Global
	GlobalSection(SolutionConfigurationPlatforms) = preSolution
		Debug|Any CPU = Debug|Any CPU
		Release|Any CPU = Release|Any CPU
	EndGlobalSection
	GlobalSection(ProjectConfigurationPlatforms) = postSolution
		{8F28A31A-1E6C-4118-847B-EB6486DC7F62}.Debug|Any CPU.ActiveCfg = Debug|Any CPU
		{8F28A31A-1E6C-4118-847B-EB6486DC7F62}.Debug|Any CPU.Build.0 = Debug|Any CPU
		{8F28A31A-1E6C-4118-847B-EB6486DC7F62}.Release|Any CPU.ActiveCfg = Release|Any CPU
		{8F28A31A-1E6C-4118-847B-EB6486DC7F62}.Release|Any CPU.Build.0 = Release|Any CPU
	EndGlobalSection
	GlobalSection(SolutionProperties) = preSolution
		HideSolutionNode = FALSE
	EndGlobalSection
	GlobalSection(ExtensibilityGlobals) = postSolution
		SolutionGuid = {A3F5D09A-F6E8-45BA-9C0A-60F6C71F26D7}
	EndGlobalSection
EndGlobal
